PODS:
  - Alamofire (4.8.2)
  - CircleProgressView (1.2.0)
  - Moya (13.0.1):
    - Moya/Core (= 13.0.1)
  - Moya/Core (13.0.1):
    - Alamofire (~> 4.1)
    - Result (~> 4.1)
  - Result (4.1.0)
  - SnapKit (5.0.0)
  - SwiftLint (0.33.1)
  - SwiftyJSON (5.0.0)

DEPENDENCIES:
  - CircleProgressView (~> 1.0)
  - Moya
  - SnapKit
  - SwiftLint
  - SwiftyJSON

SPEC REPOS:
  https://github.com/cocoapods/specs.git:
    - Alamofire
    - CircleProgressView
    - Moya
    - Result
    - SnapKit
    - SwiftLint
    - SwiftyJSON

SPEC CHECKSUMS:
  Alamofire: ae5c501addb7afdbb13687d7f2f722c78734c2d3
  CircleProgressView: 6b5b091d59dc5e5d2fda84e637a40498cdc39937
  Moya: f4a4b80ff2f8a4ffc208dfb31cd91636622fee6e
  Result: bd966fac789cc6c1563440b348ab2598cc24d5c7
  SnapKit: fd22d10eb9aff484d79a8724eab922c1ddf89bcf
  SwiftLint: 9fc1143bbacec37f94994a7d0d2a85b2154b6294
  SwiftyJSON: 36413e04c44ee145039d332b4f4e2d3e8d6c4db7

PODFILE CHECKSUM: 40a7c58d9c73dc46072458d7de666492a1e55334

COCOAPODS: 1.7.5
